
Microsoft Visual Studio Solution File, Format Version 12.00
# Visual Studio 15
VisualStudioVersion = 15.0.27130.2024
MinimumVisualStudioVersion = 10.0.40219.1
Project("{FAE04EC0-301F-11D3-BF4B-00C04F79EFBC}") = "SampleApplication", "SampleApplication\SampleApplication.csproj", "{6CF8A03E-C7AC-4D56-91B8-A8351C0A28A1}"
EndProject
Project("{9A19103F-16F7-4668-BE54-9A1E7A4F7556}") = "Facebook.ApiClient", "..\Facebook.ApiClient\Facebook.ApiClient\Facebook.ApiClient.csproj", "{3BF1C23B-F25B-4BCB-A2A5-09A069E09990}"
EndProject
Project("{9A19103F-16F7-4668-BE54-9A1E7A4F7556}") = "Facebook.ApiClient.Entities", "..\..\Facebook.ApiClient.Entities\Facebook.ApiClient.Entities\Facebook.ApiClient.Entities.csproj", "{425A39D8-7089-4E67-BE42-5BBC55AFB544}"
EndProject
Global
	GlobalSection(SolutionConfigurationPlatforms) = preSolution
		Debug|Any CPU = Debug|Any CPU
		Release|Any CPU = Release|Any CPU
	EndGlobalSection
	GlobalSection(ProjectConfigurationPlatforms) = postSolution
		{6CF8A03E-C7AC-4D56-91B8-A8351C0A28A1}.Debug|Any CPU.ActiveCfg = Debug|Any CPU
		{6CF8A03E-C7AC-4D56-91B8-A8351C0A28A1}.Debug|Any CPU.Build.0 = Debug|Any CPU
		{6CF8A03E-C7AC-4D56-91B8-A8351C0A28A1}.Release|Any CPU.ActiveCfg = Release|Any CPU
		{6CF8A03E-C7AC-4D56-91B8-A8351C0A28A1}.Release|Any CPU.Build.0 = Release|Any CPU
		{3BF1C23B-F25B-4BCB-A2A5-09A069E09990}.Debug|Any CPU.ActiveCfg = Debug|Any CPU
		{3BF1C23B-F25B-4BCB-A2A5-09A069E09990}.Debug|Any CPU.Build.0 = Debug|Any CPU
		{3BF1C23B-F25B-4BCB-A2A5-09A069E09990}.Release|Any CPU.ActiveCfg = Release|Any CPU
		{3BF1C23B-F25B-4BCB-A2A5-09A069E09990}.Release|Any CPU.Build.0 = Release|Any CPU
		{425A39D8-7089-4E67-BE42-5BBC55AFB544}.Debug|Any CPU.ActiveCfg = Debug|Any CPU
		{425A39D8-7089-4E67-BE42-5BBC55AFB544}.Debug|Any CPU.Build.0 = Debug|Any CPU
		{425A39D8-7089-4E67-BE42-5BBC55AFB544}.Release|Any CPU.ActiveCfg = Release|Any CPU
		{425A39D8-7089-4E67-BE42-5BBC55AFB544}.Release|Any CPU.Build.0 = Release|Any CPU
	EndGlobalSection
	GlobalSection(SolutionProperties) = preSolution
		HideSolutionNode = FALSE
	EndGlobalSection
	GlobalSection(ExtensibilityGlobals) = postSolution
		SolutionGuid = {4E380CA2-DC64-4657-B040-776A9E79D7F5}
	EndGlobalSection
EndGlobal
